
Microsoft Visual Studio Solution File, Format Version 12.00
# Visual Studio Version 16
VisualStudioVersion = 16.0.30517.126
MinimumVisualStudioVersion = 10.0.40219.1
Project("{FAE04EC0-301F-11D3-BF4B-00C04F79EFBC}") = "catEncyption-GUI", "catEncyption-GUI\catEncyption-GUI.csproj", "{9A0A19FD-BD2E-4409-8371-128223134A4C}"
EndProject
Project("{2150E333-8FDC-42A3-9474-1A3956D46DE8}") = "Solution Items", "Solution Items", "{C34514E5-C0CA-42AE-8A0C-0957C0B6FC87}"
EndProject
Global
	GlobalSection(SolutionConfigurationPlatforms) = preSolution
		Debug|Any CPU = Debug|Any CPU
		Release|Any CPU = Release|Any CPU
	EndGlobalSection
	GlobalSection(ProjectConfigurationPlatforms) = postSolution
		{9A0A19FD-BD2E-4409-8371-128223134A4C}.Debug|Any CPU.ActiveCfg = Debug|Any CPU
		{9A0A19FD-BD2E-4409-8371-128223134A4C}.Debug|Any CPU.Build.0 = Debug|Any CPU
		{9A0A19FD-BD2E-4409-8371-128223134A4C}.Release|Any CPU.ActiveCfg = Release|Any CPU
		{9A0A19FD-BD2E-4409-8371-128223134A4C}.Release|Any CPU.Build.0 = Release|Any CPU
	EndGlobalSection
	GlobalSection(SolutionProperties) = preSolution
		HideSolutionNode = FALSE
	EndGlobalSection
	GlobalSection(ExtensibilityGlobals) = postSolution
		SolutionGuid = {328FB9FD-69B6-4557-87F9-5C75B6258B36}
	EndGlobalSection
EndGlobal
